
Microsoft Visual Studio Solution File, Format Version 12.00
# Visual Studio Version 17
VisualStudioVersion = 17.4.33205.214
MinimumVisualStudioVersion = 10.0.40219.1
Project("{FAE04EC0-301F-11D3-BF4B-00C04F79EFBC}") = "CnnApp", "CnnApp.csproj", "{865FCC1D-7E79-4D5A-A6E4-9CB0045D1837}"
EndProject
Global
	GlobalSection(SolutionConfigurationPlatforms) = preSolution
		Debug|Any CPU = Debug|Any CPU
		Release|Any CPU = Release|Any CPU
	EndGlobalSection
	GlobalSection(ProjectConfigurationPlatforms) = postSolution
		{865FCC1D-7E79-4D5A-A6E4-9CB0045D1837}.Debug|Any CPU.ActiveCfg = Debug|Any CPU
		{865FCC1D-7E79-4D5A-A6E4-9CB0045D1837}.Debug|Any CPU.Build.0 = Debug|Any CPU
		{865FCC1D-7E79-4D5A-A6E4-9CB0045D1837}.Release|Any CPU.ActiveCfg = Release|Any CPU
		{865FCC1D-7E79-4D5A-A6E4-9CB0045D1837}.Release|Any CPU.Build.0 = Release|Any CPU
	EndGlobalSection
	GlobalSection(SolutionProperties) = preSolution
		HideSolutionNode = FALSE
	EndGlobalSection
	GlobalSection(ExtensibilityGlobals) = postSolution
		SolutionGuid = {4BE94775-D6B4-4EA7-B2B0-76C2A5E22AA1}
	EndGlobalSection
EndGlobal
